
Microsoft Visual Studio Solution File, Format Version 12.00
# Visual Studio 15
VisualStudioVersion = 15.0.28010.2003
MinimumVisualStudioVersion = 10.0.40219.1
Project("{FAE04EC0-301F-11D3-BF4B-00C04F79EFBC}") = "CedroRestaurante", "CedroRestaurante\CedroRestaurante.csproj", "{7701492E-2BD5-41F8-8BD5-CE9299656C95}"
EndProject
Global
	GlobalSection(SolutionConfigurationPlatforms) = preSolution
		Debug|Any CPU = Debug|Any CPU
		Release|Any CPU = Release|Any CPU
	EndGlobalSection
	GlobalSection(ProjectConfigurationPlatforms) = postSolution
		{7701492E-2BD5-41F8-8BD5-CE9299656C95}.Debug|Any CPU.ActiveCfg = Debug|Any CPU
		{7701492E-2BD5-41F8-8BD5-CE9299656C95}.Debug|Any CPU.Build.0 = Debug|Any CPU
		{7701492E-2BD5-41F8-8BD5-CE9299656C95}.Release|Any CPU.ActiveCfg = Release|Any CPU
		{7701492E-2BD5-41F8-8BD5-CE9299656C95}.Release|Any CPU.Build.0 = Release|Any CPU
	EndGlobalSection
	GlobalSection(SolutionProperties) = preSolution
		HideSolutionNode = FALSE
	EndGlobalSection
	GlobalSection(ExtensibilityGlobals) = postSolution
		SolutionGuid = {89C83183-12C5-4644-BC79-24BF8B2B3382}
	EndGlobalSection
EndGlobal
